
Microsoft Visual Studio Solution File, Format Version 12.00
# Visual Studio Version 16
VisualStudioVersion = 16.0.31321.278
MinimumVisualStudioVersion = 10.0.40219.1
Project("{FAE04EC0-301F-11D3-BF4B-00C04F79EFBC}") = "KutuphaneYonetimSistemi.Entities", "KutuphaneYonetimSistemi.Entities\KutuphaneYonetimSistemi.Entities.csproj", "{F1E37CD9-9426-479D-B491-51777F074602}"
EndProject
Project("{FAE04EC0-301F-11D3-BF4B-00C04F79EFBC}") = "KutuphaneYonetimSistemi.DataAccess", "KutuphaneYonetimSistemi.DataAccess\KutuphaneYonetimSistemi.DataAccess.csproj", "{BF7F6D4B-339F-46C9-A23E-8541496EF3A4}"
EndProject
Project("{FAE04EC0-301F-11D3-BF4B-00C04F79EFBC}") = "KutuphaneYonetimSistemi.Business", "KutuphaneYonetimSistemi.Business\KutuphaneYonetimSistemi.Business.csproj", "{AA07BC17-7BBA-4544-9016-387CDD0A7A9F}"
EndProject
Project("{FAE04EC0-301F-11D3-BF4B-00C04F79EFBC}") = "KutuphaneYonetimSistemi.WebUI", "KutuphaneYonetimSistemi.WebUI\KutuphaneYonetimSistemi.WebUI.csproj", "{E7C6FA0C-DFDA-4B8D-80D2-04A573A651ED}"
EndProject
Project("{FAE04EC0-301F-11D3-BF4B-00C04F79EFBC}") = "KutuphaneYonetimSistemi.DesktopUI", "KutuphaneYonetimSistemi.DesktopUI\KutuphaneYonetimSistemi.DesktopUI.csproj", "{B9DB0F9F-2F13-4934-8D6B-18B85C121346}"
EndProject
Global
	GlobalSection(SolutionConfigurationPlatforms) = preSolution
		Debug|Any CPU = Debug|Any CPU
		Release|Any CPU = Release|Any CPU
	EndGlobalSection
	GlobalSection(ProjectConfigurationPlatforms) = postSolution
		{F1E37CD9-9426-479D-B491-51777F074602}.Debug|Any CPU.ActiveCfg = Debug|Any CPU
		{F1E37CD9-9426-479D-B491-51777F074602}.Debug|Any CPU.Build.0 = Debug|Any CPU
		{F1E37CD9-9426-479D-B491-51777F074602}.Release|Any CPU.ActiveCfg = Release|Any CPU
		{F1E37CD9-9426-479D-B491-51777F074602}.Release|Any CPU.Build.0 = Release|Any CPU
		{BF7F6D4B-339F-46C9-A23E-8541496EF3A4}.Debug|Any CPU.ActiveCfg = Debug|Any CPU
		{BF7F6D4B-339F-46C9-A23E-8541496EF3A4}.Debug|Any CPU.Build.0 = Debug|Any CPU
		{BF7F6D4B-339F-46C9-A23E-8541496EF3A4}.Release|Any CPU.ActiveCfg = Release|Any CPU
		{BF7F6D4B-339F-46C9-A23E-8541496EF3A4}.Release|Any CPU.Build.0 = Release|Any CPU
		{AA07BC17-7BBA-4544-9016-387CDD0A7A9F}.Debug|Any CPU.ActiveCfg = Debug|Any CPU
		{AA07BC17-7BBA-4544-9016-387CDD0A7A9F}.Debug|Any CPU.Build.0 = Debug|Any CPU
		{AA07BC17-7BBA-4544-9016-387CDD0A7A9F}.Release|Any CPU.ActiveCfg = Release|Any CPU
		{AA07BC17-7BBA-4544-9016-387CDD0A7A9F}.Release|Any CPU.Build.0 = Release|Any CPU
		{E7C6FA0C-DFDA-4B8D-80D2-04A573A651ED}.Debug|Any CPU.ActiveCfg = Debug|Any CPU
		{E7C6FA0C-DFDA-4B8D-80D2-04A573A651ED}.Debug|Any CPU.Build.0 = Debug|Any CPU
		{E7C6FA0C-DFDA-4B8D-80D2-04A573A651ED}.Release|Any CPU.ActiveCfg = Release|Any CPU
		{E7C6FA0C-DFDA-4B8D-80D2-04A573A651ED}.Release|Any CPU.Build.0 = Release|Any CPU
		{B9DB0F9F-2F13-4934-8D6B-18B85C121346}.Debug|Any CPU.ActiveCfg = Debug|Any CPU
		{B9DB0F9F-2F13-4934-8D6B-18B85C121346}.Debug|Any CPU.Build.0 = Debug|Any CPU
		{B9DB0F9F-2F13-4934-8D6B-18B85C121346}.Release|Any CPU.ActiveCfg = Release|Any CPU
		{B9DB0F9F-2F13-4934-8D6B-18B85C121346}.Release|Any CPU.Build.0 = Release|Any CPU
	EndGlobalSection
	GlobalSection(SolutionProperties) = preSolution
		HideSolutionNode = FALSE
	EndGlobalSection
	GlobalSection(ExtensibilityGlobals) = postSolution
		SolutionGuid = {89FECEF1-BB44-4C70-88E6-00AFA92D5FD9}
	EndGlobalSection
EndGlobal
